
Microsoft Visual Studio Solution File, Format Version 12.00
# Visual Studio Version 17
VisualStudioVersion = 17.4.33213.308
MinimumVisualStudioVersion = 10.0.40219.1
Project("{FAE04EC0-301F-11D3-BF4B-00C04F79EFBC}") = "StackAndQueuesProblems", "StackAndQueuesProblems\StackAndQueuesProblems.csproj", "{7E21FD6B-D4C2-44F5-8A42-2A8F483C9802}"
EndProject
Global
	GlobalSection(SolutionConfigurationPlatforms) = preSolution
		Debug|Any CPU = Debug|Any CPU
		Release|Any CPU = Release|Any CPU
	EndGlobalSection
	GlobalSection(ProjectConfigurationPlatforms) = postSolution
		{7E21FD6B-D4C2-44F5-8A42-2A8F483C9802}.Debug|Any CPU.ActiveCfg = Debug|Any CPU
		{7E21FD6B-D4C2-44F5-8A42-2A8F483C9802}.Debug|Any CPU.Build.0 = Debug|Any CPU
		{7E21FD6B-D4C2-44F5-8A42-2A8F483C9802}.Release|Any CPU.ActiveCfg = Release|Any CPU
		{7E21FD6B-D4C2-44F5-8A42-2A8F483C9802}.Release|Any CPU.Build.0 = Release|Any CPU
	EndGlobalSection
	GlobalSection(SolutionProperties) = preSolution
		HideSolutionNode = FALSE
	EndGlobalSection
	GlobalSection(ExtensibilityGlobals) = postSolution
		SolutionGuid = {A631EE55-415B-4F00-B903-D4691B480643}
	EndGlobalSection
EndGlobal
